
Microsoft Visual Studio Solution File, Format Version 12.00
# Visual Studio Version 17
VisualStudioVersion = 17.2.32526.322
MinimumVisualStudioVersion = 10.0.40219.1
Project("{2150E333-8FDC-42A3-9474-1A3956D46DE8}") = "Solution Items", "Solution Items", "{C4563C88-9C80-4BD0-949E-AA64F111957E}"
	ProjectSection(SolutionItems) = preProject
		README.md = README.md
	EndProjectSection
EndProject
Project("{2150E333-8FDC-42A3-9474-1A3956D46DE8}") = "nuget", "nuget", "{8FE1844F-26A4-47BE-9507-F0333D42FABE}"
	ProjectSection(SolutionItems) = preProject
		nuget\myget.bat = nuget\myget.bat
		nuget\nuget.bat = nuget\nuget.bat
		nuget\Transformalize.Provider.Elasticsearch.Autofac.nuspec = nuget\Transformalize.Provider.Elasticsearch.Autofac.nuspec
		nuget\Transformalize.Provider.Elasticsearch.nuspec = nuget\Transformalize.Provider.Elasticsearch.nuspec
	EndProjectSection
EndProject
Project("{2150E333-8FDC-42A3-9474-1A3956D46DE8}") = "cfg", "cfg", "{B0BC2A9C-9618-4E64-8DC5-2B8599A13BB7}"
	ProjectSection(SolutionItems) = preProject
		cfg\read-me-read.xml = cfg\read-me-read.xml
		cfg\read-me-write.xml = cfg\read-me-write.xml
	EndProjectSection
EndProject
Project("{9A19103F-16F7-4668-BE54-9A1E7A4F7556}") = "Test.Integration.Core", "src\test\Test.Integration.Core\Test.Integration.Core.csproj", "{39CE2C87-F2B5-4A92-B3FA-CE4786A5D78A}"
EndProject
Project("{FAE04EC0-301F-11D3-BF4B-00C04F79EFBC}") = "Transformalize.Provider.Elasticsearch", "src\Transformalize.Provider.Elasticsearch\Transformalize.Provider.Elasticsearch.csproj", "{F9B4D36F-D442-42D4-8284-F6D4F93B1F2F}"
EndProject
Project("{FAE04EC0-301F-11D3-BF4B-00C04F79EFBC}") = "Transformalize.Provider.Elasticsearch.Autofac", "src\Transformalize.Provider.Elasticsearch.Autofac\Transformalize.Provider.Elasticsearch.Autofac.csproj", "{A74B70EA-64A4-49B4-88EE-8A476DC1A52C}"
EndProject
Global
	GlobalSection(SolutionConfigurationPlatforms) = preSolution
		Debug|Any CPU = Debug|Any CPU
		Release|Any CPU = Release|Any CPU
	EndGlobalSection
	GlobalSection(ProjectConfigurationPlatforms) = postSolution
		{39CE2C87-F2B5-4A92-B3FA-CE4786A5D78A}.Debug|Any CPU.ActiveCfg = Debug|Any CPU
		{39CE2C87-F2B5-4A92-B3FA-CE4786A5D78A}.Debug|Any CPU.Build.0 = Debug|Any CPU
		{39CE2C87-F2B5-4A92-B3FA-CE4786A5D78A}.Release|Any CPU.ActiveCfg = Release|Any CPU
		{39CE2C87-F2B5-4A92-B3FA-CE4786A5D78A}.Release|Any CPU.Build.0 = Release|Any CPU
		{F9B4D36F-D442-42D4-8284-F6D4F93B1F2F}.Debug|Any CPU.ActiveCfg = Debug|Any CPU
		{F9B4D36F-D442-42D4-8284-F6D4F93B1F2F}.Debug|Any CPU.Build.0 = Debug|Any CPU
		{F9B4D36F-D442-42D4-8284-F6D4F93B1F2F}.Release|Any CPU.ActiveCfg = Release|Any CPU
		{F9B4D36F-D442-42D4-8284-F6D4F93B1F2F}.Release|Any CPU.Build.0 = Release|Any CPU
		{A74B70EA-64A4-49B4-88EE-8A476DC1A52C}.Debug|Any CPU.ActiveCfg = Debug|Any CPU
		{A74B70EA-64A4-49B4-88EE-8A476DC1A52C}.Debug|Any CPU.Build.0 = Debug|Any CPU
		{A74B70EA-64A4-49B4-88EE-8A476DC1A52C}.Release|Any CPU.ActiveCfg = Release|Any CPU
		{A74B70EA-64A4-49B4-88EE-8A476DC1A52C}.Release|Any CPU.Build.0 = Release|Any CPU
	EndGlobalSection
	GlobalSection(SolutionProperties) = preSolution
		HideSolutionNode = FALSE
	EndGlobalSection
	GlobalSection(NestedProjects) = preSolution
		{8FE1844F-26A4-47BE-9507-F0333D42FABE} = {C4563C88-9C80-4BD0-949E-AA64F111957E}
		{B0BC2A9C-9618-4E64-8DC5-2B8599A13BB7} = {C4563C88-9C80-4BD0-949E-AA64F111957E}
	EndGlobalSection
	GlobalSection(ExtensibilityGlobals) = postSolution
		SolutionGuid = {960FC2FA-8CAD-47A3-8A4E-4173AE406E71}
	EndGlobalSection
EndGlobal
