
Microsoft Visual Studio Solution File, Format Version 12.00
# Visual Studio Version 16
VisualStudioVersion = 16.0.28917.181
MinimumVisualStudioVersion = 10.0.40219.1
Project("{2150E333-8FDC-42A3-9474-1A3956D46DE8}") = "Solution Items", "Solution Items", "{C4563C88-9C80-4BD0-949E-AA64F111957E}"
	ProjectSection(SolutionItems) = preProject
		README.md = README.md
	EndProjectSection
EndProject
Project("{2150E333-8FDC-42A3-9474-1A3956D46DE8}") = "nuget", "nuget", "{8FE1844F-26A4-47BE-9507-F0333D42FABE}"
	ProjectSection(SolutionItems) = preProject
		nuget\nuget.bat = nuget\nuget.bat
		nuget\Transformalize.Provider.Elasticsearch.Autofac.nuspec = nuget\Transformalize.Provider.Elasticsearch.Autofac.nuspec
		nuget\Transformalize.Provider.Elasticsearch.Autofac.v3.nuspec = nuget\Transformalize.Provider.Elasticsearch.Autofac.v3.nuspec
		nuget\Transformalize.Provider.Elasticsearch.nuspec = nuget\Transformalize.Provider.Elasticsearch.nuspec
	EndProjectSection
EndProject
Project("{FAE04EC0-301F-11D3-BF4B-00C04F79EFBC}") = "Transformalize.Provider.Elasticsearch", "src\Transformalize.Provider.Elasticsearch\Transformalize.Provider.Elasticsearch.csproj", "{4ED1E259-756A-40B8-9800-F563B59E0206}"
EndProject
Project("{FAE04EC0-301F-11D3-BF4B-00C04F79EFBC}") = "Transformalize.Provider.Elasticsearch.Autofac", "src\Transformalize.Provider.Elasticsearch.Autofac\Transformalize.Provider.Elasticsearch.Autofac.csproj", "{CD3477B9-14E5-4EA3-90B0-CA9299BCAE73}"
EndProject
Project("{FAE04EC0-301F-11D3-BF4B-00C04F79EFBC}") = "IntegrationTests", "src\IntegrationTests\IntegrationTests.csproj", "{058FAE31-0608-48F8-84E4-04C3398689C1}"
EndProject
Project("{2150E333-8FDC-42A3-9474-1A3956D46DE8}") = "cfg", "cfg", "{B0BC2A9C-9618-4E64-8DC5-2B8599A13BB7}"
	ProjectSection(SolutionItems) = preProject
		cfg\read-me-read.xml = cfg\read-me-read.xml
		cfg\read-me-write.xml = cfg\read-me-write.xml
	EndProjectSection
EndProject
Project("{D954291E-2A0B-460D-934E-DC6B0785DB48}") = "Transformalize.Provider.Elasticsearch.Shared", "src\Transformalize.Provider.Elasticsearch.Shared\Transformalize.Provider.Elasticsearch.Shared.shproj", "{D67FA621-3ABB-4B90-B187-AE7EBB497233}"
EndProject
Project("{FAE04EC0-301F-11D3-BF4B-00C04F79EFBC}") = "Transformalize.Provider.Elasticsearch.Autofac.v3", "src\Transformalize.Provider.Elasticsearch.Autofac.v3\Transformalize.Provider.Elasticsearch.Autofac.v3.csproj", "{DF60B8C2-D93E-436D-80F3-915859527E5C}"
EndProject
Global
	GlobalSection(SharedMSBuildProjectFiles) = preSolution
		src\Transformalize.Provider.Elasticsearch.Shared\Transformalize.Provider.Elasticsearch.Shared.projitems*{cd3477b9-14e5-4ea3-90b0-ca9299bcae73}*SharedItemsImports = 4
		src\Transformalize.Provider.Elasticsearch.Shared\Transformalize.Provider.Elasticsearch.Shared.projitems*{d67fa621-3abb-4b90-b187-ae7ebb497233}*SharedItemsImports = 13
		src\Transformalize.Provider.Elasticsearch.Shared\Transformalize.Provider.Elasticsearch.Shared.projitems*{df60b8c2-d93e-436d-80f3-915859527e5c}*SharedItemsImports = 4
	EndGlobalSection
	GlobalSection(SolutionConfigurationPlatforms) = preSolution
		Debug|Any CPU = Debug|Any CPU
		Release|Any CPU = Release|Any CPU
	EndGlobalSection
	GlobalSection(ProjectConfigurationPlatforms) = postSolution
		{4ED1E259-756A-40B8-9800-F563B59E0206}.Debug|Any CPU.ActiveCfg = Debug|Any CPU
		{4ED1E259-756A-40B8-9800-F563B59E0206}.Debug|Any CPU.Build.0 = Debug|Any CPU
		{4ED1E259-756A-40B8-9800-F563B59E0206}.Release|Any CPU.ActiveCfg = Release|Any CPU
		{4ED1E259-756A-40B8-9800-F563B59E0206}.Release|Any CPU.Build.0 = Release|Any CPU
		{CD3477B9-14E5-4EA3-90B0-CA9299BCAE73}.Debug|Any CPU.ActiveCfg = Debug|Any CPU
		{CD3477B9-14E5-4EA3-90B0-CA9299BCAE73}.Debug|Any CPU.Build.0 = Debug|Any CPU
		{CD3477B9-14E5-4EA3-90B0-CA9299BCAE73}.Release|Any CPU.ActiveCfg = Release|Any CPU
		{CD3477B9-14E5-4EA3-90B0-CA9299BCAE73}.Release|Any CPU.Build.0 = Release|Any CPU
		{058FAE31-0608-48F8-84E4-04C3398689C1}.Debug|Any CPU.ActiveCfg = Debug|Any CPU
		{058FAE31-0608-48F8-84E4-04C3398689C1}.Debug|Any CPU.Build.0 = Debug|Any CPU
		{058FAE31-0608-48F8-84E4-04C3398689C1}.Release|Any CPU.ActiveCfg = Release|Any CPU
		{058FAE31-0608-48F8-84E4-04C3398689C1}.Release|Any CPU.Build.0 = Release|Any CPU
		{DF60B8C2-D93E-436D-80F3-915859527E5C}.Debug|Any CPU.ActiveCfg = Debug|Any CPU
		{DF60B8C2-D93E-436D-80F3-915859527E5C}.Debug|Any CPU.Build.0 = Debug|Any CPU
		{DF60B8C2-D93E-436D-80F3-915859527E5C}.Release|Any CPU.ActiveCfg = Release|Any CPU
		{DF60B8C2-D93E-436D-80F3-915859527E5C}.Release|Any CPU.Build.0 = Release|Any CPU
	EndGlobalSection
	GlobalSection(SolutionProperties) = preSolution
		HideSolutionNode = FALSE
	EndGlobalSection
	GlobalSection(NestedProjects) = preSolution
		{8FE1844F-26A4-47BE-9507-F0333D42FABE} = {C4563C88-9C80-4BD0-949E-AA64F111957E}
		{B0BC2A9C-9618-4E64-8DC5-2B8599A13BB7} = {C4563C88-9C80-4BD0-949E-AA64F111957E}
	EndGlobalSection
	GlobalSection(ExtensibilityGlobals) = postSolution
		SolutionGuid = {960FC2FA-8CAD-47A3-8A4E-4173AE406E71}
	EndGlobalSection
EndGlobal
